// !$*UTF8*$!
{
	archiveVersion = 1;
	classes = {
	};
	objectVersion = 46;
	objects = {

/* Begin PBXBuildFile section */
		4F4038C31CBC8FCC00924E0B /* Default-568h@2x.png in Resources */ = {isa = PBXBuildFile; fileRef = 4F4038C11CBC8FCC00924E0B /* Default-568h@2x.png */; };
		4F4038C41CBC8FCC00924E0B /* Default@2x.png in Resources */ = {isa = PBXBuildFile; fileRef = 4F4038C21CBC8FCC00924E0B /* Default@2x.png */; };
		4FDFFB961CB08387007A3794 /* main.m in Sources */ = {isa = PBXBuildFile; fileRef = 4FDFFB951CB08387007A3794 /* main.m */; };
		4FDFFB991CB08387007A3794 /* AppDelegate.m in Sources */ = {isa = PBXBuildFile; fileRef = 4FDFFB981CB08387007A3794 /* AppDelegate.m */; };
		4FDFFBA21CB08387007A3794 /* Main.storyboard in Resources */ = {isa = PBXBuildFile; fileRef = 4FDFFBA01CB08387007A3794 /* Main.storyboard */; };
		4FDFFBA41CB08387007A3794 /* Assets.xcassets in Resources */ = {isa = PBXBuildFile; fileRef = 4FDFFBA31CB08387007A3794 /* Assets.xcassets */; };
		4FDFFBA71CB08387007A3794 /* LaunchScreen.storyboard in Resources */ = {isa = PBXBuildFile; fileRef = 4FDFFBA51CB08387007A3794 /* LaunchScreen.storyboard */; };
		4FDFFBB21CB08387007A3794 /* VideoSharingWithDatabaseTests.m in Sources */ = {isa = PBXBuildFile; fileRef = 4FDFFBB11CB08387007A3794 /* VideoSharingWithDatabaseTests.m */; };
		4FDFFBBD1CB08387007A3794 /* VideoSharingWithDatabaseUITests.m in Sources */ = {isa = PBXBuildFile; fileRef = 4FDFFBBC1CB08387007A3794 /* VideoSharingWithDatabaseUITests.m */; };
		4FDFFBCC1CB084D6007A3794 /* ViewController.m in Sources */ = {isa = PBXBuildFile; fileRef = 4FDFFBCB1CB084D6007A3794 /* ViewController.m */; };
		4FDFFBCF1CB084E9007A3794 /* WebViewController.m in Sources */ = {isa = PBXBuildFile; fileRef = 4FDFFBCE1CB084E9007A3794 /* WebViewController.m */; };
		4FDFFBD21CB084F9007A3794 /* PlistSettingViewController.m in Sources */ = {isa = PBXBuildFile; fileRef = 4FDFFBD11CB084F9007A3794 /* PlistSettingViewController.m */; };
		4FDFFBD51CB086D3007A3794 /* Database.m in Sources */ = {isa = PBXBuildFile; fileRef = 4FDFFBD41CB086D3007A3794 /* Database.m */; };
		E11FD76EA0315EC774F3E236 /* libPods.a in Frameworks */ = {isa = PBXBuildFile; fileRef = A964508C08B22F2012416B67 /* libPods.a */; };
/* End PBXBuildFile section */

/* Begin PBXContainerItemProxy section */
		4FDFFBAE1CB08387007A3794 /* PBXContainerItemProxy */ = {
			isa = PBXContainerItemProxy;
			containerPortal = 4FDFFB891CB08387007A3794 /* Project object */;
			proxyType = 1;
			remoteGlobalIDString = 4FDFFB901CB08387007A3794;
			remoteInfo = VideoSharingWithDatabase;
		};
		4FDFFBB91CB08387007A3794 /* PBXContainerItemProxy */ = {
			isa = PBXContainerItemProxy;
			containerPortal = 4FDFFB891CB08387007A3794 /* Project object */;
			proxyType = 1;
			remoteGlobalIDString = 4FDFFB901CB08387007A3794;
			remoteInfo = VideoSharingWithDatabase;
		};
/* End PBXContainerItemProxy section */

/* Begin PBXFileReference section */
		4F4038C11CBC8FCC00924E0B /* Default-568h@2x.png */ = {isa = PBXFileReference; lastKnownFileType = image.png; path = "Default-568h@2x.png"; sourceTree = "<group>"; };
		4F4038C21CBC8FCC00924E0B /* Default@2x.png */ = {isa = PBXFileReference; lastKnownFileType = image.png; path = "Default@2x.png"; sourceTree = "<group>"; };
		4FDFFB911CB08387007A3794 /* VideoSharing.app */ = {isa = PBXFileReference; explicitFileType = wrapper.application; includeInIndex = 0; path = VideoSharing.app; sourceTree = BUILT_PRODUCTS_DIR; };
		4FDFFB951CB08387007A3794 /* main.m */ = {isa = PBXFileReference; lastKnownFileType = sourcecode.c.objc; path = main.m; sourceTree = "<group>"; };
		4FDFFB971CB08387007A3794 /* AppDelegate.h */ = {isa = PBXFileReference; lastKnownFileType = sourcecode.c.h; path = AppDelegate.h; sourceTree = "<group>"; };
		4FDFFB981CB08387007A3794 /* AppDelegate.m */ = {isa = PBXFileReference; lastKnownFileType = sourcecode.c.objc; path = AppDelegate.m; sourceTree = "<group>"; };
		4FDFFBA11CB08387007A3794 /* Base */ = {isa = PBXFileReference; lastKnownFileType = file.storyboard; name = Base; path = Base.lproj/Main.storyboard; sourceTree = "<group>"; };
		4FDFFBA31CB08387007A3794 /* Assets.xcassets */ = {isa = PBXFileReference; lastKnownFileType = folder.assetcatalog; path = Assets.xcassets; sourceTree = "<group>"; };
		4FDFFBA61CB08387007A3794 /* Base */ = {isa = PBXFileReference; lastKnownFileType = file.storyboard; name = Base; path = Base.lproj/LaunchScreen.storyboard; sourceTree = "<group>"; };
		4FDFFBA81CB08387007A3794 /* Info.plist */ = {isa = PBXFileReference; lastKnownFileType = text.plist.xml; path = Info.plist; sourceTree = "<group>"; };
		4FDFFBAD1CB08387007A3794 /* VideoSharingWithDatabaseTests.xctest */ = {isa = PBXFileReference; explicitFileType = wrapper.cfbundle; includeInIndex = 0; path = VideoSharingWithDatabaseTests.xctest; sourceTree = BUILT_PRODUCTS_DIR; };
		4FDFFBB11CB08387007A3794 /* VideoSharingWithDatabaseTests.m */ = {isa = PBXFileReference; lastKnownFileType = sourcecode.c.objc; path = VideoSharingWithDatabaseTests.m; sourceTree = "<group>"; };
		4FDFFBB31CB08387007A3794 /* Info.plist */ = {isa = PBXFileReference; lastKnownFileType = text.plist.xml; path = Info.plist; sourceTree = "<group>"; };
		4FDFFBB81CB08387007A3794 /* VideoSharingWithDatabaseUITests.xctest */ = {isa = PBXFileReference; explicitFileType = wrapper.cfbundle; includeInIndex = 0; path = VideoSharingWithDatabaseUITests.xctest; sourceTree = BUILT_PRODUCTS_DIR; };
		4FDFFBBC1CB08387007A3794 /* VideoSharingWithDatabaseUITests.m */ = {isa = PBXFileReference; lastKnownFileType = sourcecode.c.objc; path = VideoSharingWithDatabaseUITests.m; sourceTree = "<group>"; };
		4FDFFBBE1CB08387007A3794 /* Info.plist */ = {isa = PBXFileReference; lastKnownFileType = text.plist.xml; path = Info.plist; sourceTree = "<group>"; };
		4FDFFBCA1CB084CE007A3794 /* ViewController.h */ = {isa = PBXFileReference; lastKnownFileType = sourcecode.c.h; path = ViewController.h; sourceTree = "<group>"; };
		4FDFFBCB1CB084D6007A3794 /* ViewController.m */ = {isa = PBXFileReference; fileEncoding = 4; lastKnownFileType = sourcecode.c.objc; path = ViewController.m; sourceTree = "<group>"; };
		4FDFFBCD1CB084E0007A3794 /* WebViewController.h */ = {isa = PBXFileReference; lastKnownFileType = sourcecode.c.h; path = WebViewController.h; sourceTree = "<group>"; };
		4FDFFBCE1CB084E9007A3794 /* WebViewController.m */ = {isa = PBXFileReference; fileEncoding = 4; lastKnownFileType = sourcecode.c.objc; path = WebViewController.m; sourceTree = "<group>"; };
		4FDFFBD01CB084F2007A3794 /* PlistSettingViewController.h */ = {isa = PBXFileReference; lastKnownFileType = sourcecode.c.h; path = PlistSettingViewController.h; sourceTree = "<group>"; };
		4FDFFBD11CB084F9007A3794 /* PlistSettingViewController.m */ = {isa = PBXFileReference; fileEncoding = 4; lastKnownFileType = sourcecode.c.objc; path = PlistSettingViewController.m; sourceTree = "<group>"; };
		4FDFFBD31CB086D3007A3794 /* Database.h */ = {isa = PBXFileReference; fileEncoding = 4; lastKnownFileType = sourcecode.c.h; path = Database.h; sourceTree = "<group>"; };
		4FDFFBD41CB086D3007A3794 /* Database.m */ = {isa = PBXFileReference; fileEncoding = 4; lastKnownFileType = sourcecode.c.objc; path = Database.m; sourceTree = "<group>"; };
		A964508C08B22F2012416B67 /* libPods.a */ = {isa = PBXFileReference; explicitFileType = archive.ar; includeInIndex = 0; path = libPods.a; sourceTree = BUILT_PRODUCTS_DIR; };
		B94ED7317541EDFB365608D1 /* Pods.debug.xcconfig */ = {isa = PBXFileReference; includeInIndex = 1; lastKnownFileType = text.xcconfig; name = Pods.debug.xcconfig; path = "Pods/Target Support Files/Pods/Pods.debug.xcconfig"; sourceTree = "<group>"; };
		CF549D8D6A22F9AFF71788EC /* Pods.release.xcconfig */ = {isa = PBXFileReference; includeInIndex = 1; lastKnownFileType = text.xcconfig; name = Pods.release.xcconfig; path = "Pods/Target Support Files/Pods/Pods.release.xcconfig"; sourceTree = "<group>"; };
/* End PBXFileReference section */

/* Begin PBXFrameworksBuildPhase section */
		4FDFFB8E1CB08387007A3794 /* Frameworks */ = {
			isa = PBXFrameworksBuildPhase;
			buildActionMask = 2147483647;
			files = (
				E11FD76EA0315EC774F3E236 /* libPods.a in Frameworks */,
			);
			runOnlyForDeploymentPostprocessing = 0;
		};
		4FDFFBAA1CB08387007A3794 /* Frameworks */ = {
			isa = PBXFrameworksBuildPhase;
			buildActionMask = 2147483647;
			files = (
			);
			runOnlyForDeploymentPostprocessing = 0;
		};
		4FDFFBB51CB08387007A3794 /* Frameworks */ = {
			isa = PBXFrameworksBuildPhase;
			buildActionMask = 2147483647;
			files = (
			);
			runOnlyForDeploymentPostprocessing = 0;
		};
/* End PBXFrameworksBuildPhase section */

/* Begin PBXGroup section */
		0352E02DC00770F9B93751FB /* Pods */ = {
			isa = PBXGroup;
			children = (
				B94ED7317541EDFB365608D1 /* Pods.debug.xcconfig */,
				CF549D8D6A22F9AFF71788EC /* Pods.release.xcconfig */,
			);
			name = Pods;
			sourceTree = "<group>";
		};
		2AFBBD09C52FAA424A69DA4F /* Frameworks */ = {
			isa = PBXGroup;
			children = (
				A964508C08B22F2012416B67 /* libPods.a */,
			);
			name = Frameworks;
			sourceTree = "<group>";
		};
		4FDFFB881CB08387007A3794 = {
			isa = PBXGroup;
			children = (
				4F4038C11CBC8FCC00924E0B /* Default-568h@2x.png */,
				4F4038C21CBC8FCC00924E0B /* Default@2x.png */,
				4FDFFB931CB08387007A3794 /* VideoSharingWithDatabase */,
				4FDFFBB01CB08387007A3794 /* VideoSharingWithDatabaseTests */,
				4FDFFBBB1CB08387007A3794 /* VideoSharingWithDatabaseUITests */,
				4FDFFB921CB08387007A3794 /* Products */,
				0352E02DC00770F9B93751FB /* Pods */,
				2AFBBD09C52FAA424A69DA4F /* Frameworks */,
			);
			sourceTree = "<group>";
		};
		4FDFFB921CB08387007A3794 /* Products */ = {
			isa = PBXGroup;
			children = (
				4FDFFB911CB08387007A3794 /* VideoSharing.app */,
				4FDFFBAD1CB08387007A3794 /* VideoSharingWithDatabaseTests.xctest */,
				4FDFFBB81CB08387007A3794 /* VideoSharingWithDatabaseUITests.xctest */,
			);
			name = Products;
			sourceTree = "<group>";
		};
		4FDFFB931CB08387007A3794 /* VideoSharingWithDatabase */ = {
			isa = PBXGroup;
			children = (
				4FDFFB971CB08387007A3794 /* AppDelegate.h */,
				4FDFFB981CB08387007A3794 /* AppDelegate.m */,
				4FDFFBD31CB086D3007A3794 /* Database.h */,
				4FDFFBD41CB086D3007A3794 /* Database.m */,
				4FDFFBCD1CB084E0007A3794 /* WebViewController.h */,
				4FDFFBCE1CB084E9007A3794 /* WebViewController.m */,
				4FDFFBCA1CB084CE007A3794 /* ViewController.h */,
				4FDFFBCB1CB084D6007A3794 /* ViewController.m */,
				4FDFFBD01CB084F2007A3794 /* PlistSettingViewController.h */,
				4FDFFBD11CB084F9007A3794 /* PlistSettingViewController.m */,
				4FDFFBA01CB08387007A3794 /* Main.storyboard */,
				4FDFFBA31CB08387007A3794 /* Assets.xcassets */,
				4FDFFBA51CB08387007A3794 /* LaunchScreen.storyboard */,
				4FDFFBA81CB08387007A3794 /* Info.plist */,
				4FDFFB941CB08387007A3794 /* Supporting Files */,
			);
			path = VideoSharingWithDatabase;
			sourceTree = "<group>";
		};
		4FDFFB941CB08387007A3794 /* Supporting Files */ = {
			isa = PBXGroup;
			children = (
				4FDFFB951CB08387007A3794 /* main.m */,
			);
			name = "Supporting Files";
			sourceTree = "<group>";
		};
		4FDFFBB01CB08387007A3794 /* VideoSharingWithDatabaseTests */ = {
			isa = PBXGroup;
			children = (
				4FDFFBB11CB08387007A3794 /* VideoSharingWithDatabaseTests.m */,
				4FDFFBB31CB08387007A3794 /* Info.plist */,
			);
			path = VideoSharingWithDatabaseTests;
			sourceTree = "<group>";
		};
		4FDFFBBB1CB08387007A3794 /* VideoSharingWithDatabaseUITests */ = {
			isa = PBXGroup;
			children = (
				4FDFFBBC1CB08387007A3794 /* VideoSharingWithDatabaseUITests.m */,
				4FDFFBBE1CB08387007A3794 /* Info.plist */,
			);
			path = VideoSharingWithDatabaseUITests;
			sourceTree = "<group>";
		};
/* End PBXGroup section */

/* Begin PBXNativeTarget section */
		4FDFFB901CB08387007A3794 /* VideoSharing */ = {
			isa = PBXNativeTarget;
			buildConfigurationList = 4FDFFBC11CB08387007A3794 /* Build configuration list for PBXNativeTarget "VideoSharing" */;
			buildPhases = (
				0B6BD3B4F960DC98CA692B60 /* Check Pods Manifest.lock */,
				4FDFFB8D1CB08387007A3794 /* Sources */,
				4FDFFB8E1CB08387007A3794 /* Frameworks */,
				4FDFFB8F1CB08387007A3794 /* Resources */,
				04F1FBB4804A1876C1AA9368 /* Embed Pods Frameworks */,
				8F49C944A06DD64149E9FFA8 /* Copy Pods Resources */,
			);
			buildRules = (
			);
			dependencies = (
			);
			name = VideoSharing;
			productName = VideoSharingWithDatabase;
			productReference = 4FDFFB911CB08387007A3794 /* VideoSharing.app */;
			productType = "com.apple.product-type.application";
		};
		4FDFFBAC1CB08387007A3794 /* VideoSharingWithDatabaseTests */ = {
			isa = PBXNativeTarget;
			buildConfigurationList = 4FDFFBC41CB08387007A3794 /* Build configuration list for PBXNativeTarget "VideoSharingWithDatabaseTests" */;
			buildPhases = (
				4FDFFBA91CB08387007A3794 /* Sources */,
				4FDFFBAA1CB08387007A3794 /* Frameworks */,
				4FDFFBAB1CB08387007A3794 /* Resources */,
			);
			buildRules = (
			);
			dependencies = (
				4FDFFBAF1CB08387007A3794 /* PBXTargetDependency */,
			);
			name = VideoSharingWithDatabaseTests;
			productName = VideoSharingWithDatabaseTests;
			productReference = 4FDFFBAD1CB08387007A3794 /* VideoSharingWithDatabaseTests.xctest */;
			productType = "com.apple.product-type.bundle.unit-test";
		};
		4FDFFBB71CB08387007A3794 /* VideoSharingWithDatabaseUITests */ = {
			isa = PBXNativeTarget;
			buildConfigurationList = 4FDFFBC71CB08387007A3794 /* Build configuration list for PBXNativeTarget "VideoSharingWithDatabaseUITests" */;
			buildPhases = (
				4FDFFBB41CB08387007A3794 /* Sources */,
				4FDFFBB51CB08387007A3794 /* Frameworks */,
				4FDFFBB61CB08387007A3794 /* Resources */,
			);
			buildRules = (
			);
			dependencies = (
				4FDFFBBA1CB08387007A3794 /* PBXTargetDependency */,
			);
			name = VideoSharingWithDatabaseUITests;
			productName = VideoSharingWithDatabaseUITests;
			productReference = 4FDFFBB81CB08387007A3794 /* VideoSharingWithDatabaseUITests.xctest */;
			productType = "com.apple.product-type.bundle.ui-testing";
		};
/* End PBXNativeTarget section */

/* Begin PBXProject section */
		4FDFFB891CB08387007A3794 /* Project object */ = {
			isa = PBXProject;
			attributes = {
				LastUpgradeCheck = 0720;
				ORGANIZATIONNAME = Catherine;
				TargetAttributes = {
					4FDFFB901CB08387007A3794 = {
						CreatedOnToolsVersion = 7.2;
						DevelopmentTeam = JR9U4ZYUMM;
					};
					4FDFFBAC1CB08387007A3794 = {
						CreatedOnToolsVersion = 7.2;
						TestTargetID = 4FDFFB901CB08387007A3794;
					};
					4FDFFBB71CB08387007A3794 = {
						CreatedOnToolsVersion = 7.2;
						TestTargetID = 4FDFFB901CB08387007A3794;
					};
				};
			};
			buildConfigurationList = 4FDFFB8C1CB08387007A3794 /* Build configuration list for PBXProject "VideoSharingWithDatabase" */;
			compatibilityVersion = "Xcode 3.2";
			developmentRegion = English;
			hasScannedForEncodings = 0;
			knownRegions = (
				en,
				Base,
			);
			mainGroup = 4FDFFB881CB08387007A3794;
			productRefGroup = 4FDFFB921CB08387007A3794 /* Products */;
			projectDirPath = "";
			projectRoot = "";
			targets = (
				4FDFFB901CB08387007A3794 /* VideoSharing */,
				4FDFFBAC1CB08387007A3794 /* VideoSharingWithDatabaseTests */,
				4FDFFBB71CB08387007A3794 /* VideoSharingWithDatabaseUITests */,
			);
		};
/* End PBXProject section */

/* Begin PBXResourcesBuildPhase section */
		4FDFFB8F1CB08387007A3794 /* Resources */ = {
			isa = PBXResourcesBuildPhase;
			buildActionMask = 2147483647;
			files = (
				4FDFFBA71CB08387007A3794 /* LaunchScreen.storyboard in Resources */,
				4F4038C31CBC8FCC00924E0B /* Default-568h@2x.png in Resources */,
				4F4038C41CBC8FCC00924E0B /* Default@2x.png in Resources */,
				4FDFFBA41CB08387007A3794 /* Assets.xcassets in Resources */,
				4FDFFBA21CB08387007A3794 /* Main.storyboard in Resources */,
			);
			runOnlyForDeploymentPostprocessing = 0;
		};
		4FDFFBAB1CB08387007A3794 /* Resources */ = {
			isa = PBXResourcesBuildPhase;
			buildActionMask = 2147483647;
			files = (
			);
			runOnlyForDeploymentPostprocessing = 0;
		};
		4FDFFBB61CB08387007A3794 /* Resources */ = {
			isa = PBXResourcesBuildPhase;
			buildActionMask = 2147483647;
			files = (
			);
			runOnlyForDeploymentPostprocessing = 0;
		};
/* End PBXResourcesBuildPhase section */

/* Begin PBXShellScriptBuildPhase section */
		04F1FBB4804A1876C1AA9368 /* Embed Pods Frameworks */ = {
			isa = PBXShellScriptBuildPhase;
			buildActionMask = 2147483647;
			files = (
			);
			inputPaths = (
			);
			name = "Embed Pods Frameworks";
			outputPaths = (
			);
			runOnlyForDeploymentPostprocessing = 0;
			shellPath = /bin/sh;
			shellScript = "\"${SRCROOT}/Pods/Target Support Files/Pods/Pods-frameworks.sh\"\n";
			showEnvVarsInLog = 0;
		};
		0B6BD3B4F960DC98CA692B60 /* Check Pods Manifest.lock */ = {
			isa = PBXShellScriptBuildPhase;
			buildActionMask = 2147483647;
			files = (
			);
			inputPaths = (
			);
			name = "Check Pods Manifest.lock";
			outputPaths = (
			);
			runOnlyForDeploymentPostprocessing = 0;
			shellPath = /bin/sh;
			shellScript = "diff \"${PODS_ROOT}/../Podfile.lock\" \"${PODS_ROOT}/Manifest.lock\" > /dev/null\nif [[ $? != 0 ]] ; then\n    cat << EOM\nerror: The sandbox is not in sync with the Podfile.lock. Run 'pod install' or update your CocoaPods installation.\nEOM\n    exit 1\nfi\n";
			showEnvVarsInLog = 0;
		};
		8F49C944A06DD64149E9FFA8 /* Copy Pods Resources */ = {
			isa = PBXShellScriptBuildPhase;
			buildActionMask = 2147483647;
			files = (
			);
			inputPaths = (
			);
			name = "Copy Pods Resources";
			outputPaths = (
			);
			runOnlyForDeploymentPostprocessing = 0;
			shellPath = /bin/sh;
			shellScript = "\"${SRCROOT}/Pods/Target Support Files/Pods/Pods-resources.sh\"\n";
			showEnvVarsInLog = 0;
		};
/* End PBXShellScriptBuildPhase section */

/* Begin PBXSourcesBuildPhase section */
		4FDFFB8D1CB08387007A3794 /* Sources */ = {
			isa = PBXSourcesBuildPhase;
			buildActionMask = 2147483647;
			files = (
				4FDFFBD21CB084F9007A3794 /* PlistSettingViewController.m in Sources */,
				4FDFFBCC1CB084D6007A3794 /* ViewController.m in Sources */,
				4FDFFB991CB08387007A3794 /* AppDelegate.m in Sources */,
				4FDFFB961CB08387007A3794 /* main.m in Sources */,
				4FDFFBD51CB086D3007A3794 /* Database.m in Sources */,
				4FDFFBCF1CB084E9007A3794 /* WebViewController.m in Sources */,
			);
			runOnlyForDeploymentPostprocessing = 0;
		};
		4FDFFBA91CB08387007A3794 /* Sources */ = {
			isa = PBXSourcesBuildPhase;
			buildActionMask = 2147483647;
			files = (
				4FDFFBB21CB08387007A3794 /* VideoSharingWithDatabaseTests.m in Sources */,
			);
			runOnlyForDeploymentPostprocessing = 0;
		};
		4FDFFBB41CB08387007A3794 /* Sources */ = {
			isa = PBXSourcesBuildPhase;
			buildActionMask = 2147483647;
			files = (
				4FDFFBBD1CB08387007A3794 /* VideoSharingWithDatabaseUITests.m in Sources */,
			);
			runOnlyForDeploymentPostprocessing = 0;
		};
/* End PBXSourcesBuildPhase section */

/* Begin PBXTargetDependency section */
		4FDFFBAF1CB08387007A3794 /* PBXTargetDependency */ = {
			isa = PBXTargetDependency;
			target = 4FDFFB901CB08387007A3794 /* VideoSharing */;
			targetProxy = 4FDFFBAE1CB08387007A3794 /* PBXContainerItemProxy */;
		};
		4FDFFBBA1CB08387007A3794 /* PBXTargetDependency */ = {
			isa = PBXTargetDependency;
			target = 4FDFFB901CB08387007A3794 /* VideoSharing */;
			targetProxy = 4FDFFBB91CB08387007A3794 /* PBXContainerItemProxy */;
		};
/* End PBXTargetDependency section */

/* Begin PBXVariantGroup section */
		4FDFFBA01CB08387007A3794 /* Main.storyboard */ = {
			isa = PBXVariantGroup;
			children = (
				4FDFFBA11CB08387007A3794 /* Base */,
			);
			name = Main.storyboard;
			sourceTree = "<group>";
		};
		4FDFFBA51CB08387007A3794 /* LaunchScreen.storyboard */ = {
			isa = PBXVariantGroup;
			children = (
				4FDFFBA61CB08387007A3794 /* Base */,
			);
			name = LaunchScreen.storyboard;
			sourceTree = "<group>";
		};
/* End PBXVariantGroup section */

/* Begin XCBuildConfiguration section */
		4FDFFBBF1CB08387007A3794 /* Debug */ = {
			isa = XCBuildConfiguration;
			buildSettings = {
				ALWAYS_SEARCH_USER_PATHS = NO;
				CLANG_CXX_LANGUAGE_STANDARD = "gnu++0x";
				CLANG_CXX_LIBRARY = "libc++";
				CLANG_ENABLE_MODULES = YES;
				CLANG_ENABLE_OBJC_ARC = YES;
				CLANG_WARN_BOOL_CONVERSION = YES;
				CLANG_WARN_CONSTANT_CONVERSION = YES;
				CLANG_WARN_DIRECT_OBJC_ISA_USAGE = YES_ERROR;
				CLANG_WARN_EMPTY_BODY = YES;
				CLANG_WARN_ENUM_CONVERSION = YES;
				CLANG_WARN_INT_CONVERSION = YES;
				CLANG_WARN_OBJC_ROOT_CLASS = YES_ERROR;
				CLANG_WARN_UNREACHABLE_CODE = YES;
				CLANG_WARN__DUPLICATE_METHOD_MATCH = YES;
				"CODE_SIGN_IDENTITY[sdk=iphoneos*]" = "iPhone Developer";
				COPY_PHASE_STRIP = NO;
				DEBUG_INFORMATION_FORMAT = dwarf;
				ENABLE_STRICT_OBJC_MSGSEND = YES;
				ENABLE_TESTABILITY = YES;
				GCC_C_LANGUAGE_STANDARD = gnu99;
				GCC_DYNAMIC_NO_PIC = NO;
				GCC_NO_COMMON_BLOCKS = YES;
				GCC_OPTIMIZATION_LEVEL = 0;
				GCC_PREPROCESSOR_DEFINITIONS = (
					"DEBUG=1",
					"$(inherited)",
				);
				GCC_WARN_64_TO_32_BIT_CONVERSION = YES;
				GCC_WARN_ABOUT_RETURN_TYPE = YES_ERROR;
				GCC_WARN_UNDECLARED_SELECTOR = YES;
				GCC_WARN_UNINITIALIZED_AUTOS = YES_AGGRESSIVE;
				GCC_WARN_UNUSED_FUNCTION = YES;
				GCC_WARN_UNUSED_VARIABLE = YES;
				IPHONEOS_DEPLOYMENT_TARGET = 9.2;
				MTL_ENABLE_DEBUG_INFO = YES;
				ONLY_ACTIVE_ARCH = YES;
				SDKROOT = iphoneos;
			};
			name = Debug;
		};
		4FDFFBC01CB08387007A3794 /* Release */ = {
			isa = XCBuildConfiguration;
			buildSettings = {
				ALWAYS_SEARCH_USER_PATHS = NO;
				CLANG_CXX_LANGUAGE_STANDARD = "gnu++0x";
				CLANG_CXX_LIBRARY = "libc++";
				CLANG_ENABLE_MODULES = YES;
				CLANG_ENABLE_OBJC_ARC = YES;
				CLANG_WARN_BOOL_CONVERSION = YES;
				CLANG_WARN_CONSTANT_CONVERSION = YES;
				CLANG_WARN_DIRECT_OBJC_ISA_USAGE = YES_ERROR;
				CLANG_WARN_EMPTY_BODY = YES;
				CLANG_WARN_ENUM_CONVERSION = YES;
				CLANG_WARN_INT_CONVERSION = YES;
				CLANG_WARN_OBJC_ROOT_CLASS = YES_ERROR;
				CLANG_WARN_UNREACHABLE_CODE = YES;
				CLANG_WARN__DUPLICATE_METHOD_MATCH = YES;
				"CODE_SIGN_IDENTITY[sdk=iphoneos*]" = "iPhone Developer";
				COPY_PHASE_STRIP = NO;
				DEBUG_INFORMATION_FORMAT = "dwarf-with-dsym";
				ENABLE_NS_ASSERTIONS = NO;
				ENABLE_STRICT_OBJC_MSGSEND = YES;
				GCC_C_LANGUAGE_STANDARD = gnu99;
				GCC_NO_COMMON_BLOCKS = YES;
				GCC_WARN_64_TO_32_BIT_CONVERSION = YES;
				GCC_WARN_ABOUT_RETURN_TYPE = YES_ERROR;
				GCC_WARN_UNDECLARED_SELECTOR = YES;
				GCC_WARN_UNINITIALIZED_AUTOS = YES_AGGRESSIVE;
				GCC_WARN_UNUSED_FUNCTION = YES;
				GCC_WARN_UNUSED_VARIABLE = YES;
				IPHONEOS_DEPLOYMENT_TARGET = 9.2;
				MTL_ENABLE_DEBUG_INFO = NO;
				SDKROOT = iphoneos;
				VALIDATE_PRODUCT = YES;
			};
			name = Release;
		};
		4FDFFBC21CB08387007A3794 /* Debug */ = {
			isa = XCBuildConfiguration;
			baseConfigurationReference = B94ED7317541EDFB365608D1 /* Pods.debug.xcconfig */;
			buildSettings = {
				ASSETCATALOG_COMPILER_APPICON_NAME = AppIcon;
				ASSETCATALOG_COMPILER_LAUNCHIMAGE_NAME = LaunchImage;
				CODE_SIGN_IDENTITY = "iPhone Developer";
				INFOPLIST_FILE = VideoSharingWithDatabase/Info.plist;
				LD_RUNPATH_SEARCH_PATHS = "$(inherited) @executable_path/Frameworks";
				PRODUCT_BUNDLE_IDENTIFIER = Catherine.VideoSharing;
				PRODUCT_NAME = "$(TARGET_NAME)";
				TARGETED_DEVICE_FAMILY = 1;
			};
			name = Debug;
		};
		4FDFFBC31CB08387007A3794 /* Release */ = {
			isa = XCBuildConfiguration;
			baseConfigurationReference = CF549D8D6A22F9AFF71788EC /* Pods.release.xcconfig */;
			buildSettings = {
				ASSETCATALOG_COMPILER_APPICON_NAME = AppIcon;
				ASSETCATALOG_COMPILER_LAUNCHIMAGE_NAME = LaunchImage;
				CODE_SIGN_IDENTITY = "iPhone Developer";
				INFOPLIST_FILE = VideoSharingWithDatabase/Info.plist;
				LD_RUNPATH_SEARCH_PATHS = "$(inherited) @executable_path/Frameworks";
				PRODUCT_BUNDLE_IDENTIFIER = Catherine.VideoSharing;
				PRODUCT_NAME = "$(TARGET_NAME)";
				TARGETED_DEVICE_FAMILY = 1;
			};
			name = Release;
		};
		4FDFFBC51CB08387007A3794 /* Debug */ = {
			isa = XCBuildConfiguration;
			buildSettings = {
				BUNDLE_LOADER = "$(TEST_HOST)";
				INFOPLIST_FILE = VideoSharingWithDatabaseTests/Info.plist;
				LD_RUNPATH_SEARCH_PATHS = "$(inherited) @executable_path/Frameworks @loader_path/Frameworks";
				PRODUCT_BUNDLE_IDENTIFIER = Catherine.VideoSharingWithDatabaseTests;
				PRODUCT_NAME = "$(TARGET_NAME)";
				TEST_HOST = "$(BUILT_PRODUCTS_DIR)/VideoSharingWithDatabase.app/VideoSharingWithDatabase";
			};
			name = Debug;
		};
		4FDFFBC61CB08387007A3794 /* Release */ = {
			isa = XCBuildConfiguration;
			buildSettings = {
				BUNDLE_LOADER = "$(TEST_HOST)";
				INFOPLIST_FILE = VideoSharingWithDatabaseTests/Info.plist;
				LD_RUNPATH_SEARCH_PATHS = "$(inherited) @executable_path/Frameworks @loader_path/Frameworks";
				PRODUCT_BUNDLE_IDENTIFIER = Catherine.VideoSharingWithDatabaseTests;
				PRODUCT_NAME = "$(TARGET_NAME)";
				TEST_HOST = "$(BUILT_PRODUCTS_DIR)/VideoSharingWithDatabase.app/VideoSharingWithDatabase";
			};
			name = Release;
		};
		4FDFFBC81CB08387007A3794 /* Debug */ = {
			isa = XCBuildConfiguration;
			buildSettings = {
				INFOPLIST_FILE = VideoSharingWithDatabaseUITests/Info.plist;
				LD_RUNPATH_SEARCH_PATHS = "$(inherited) @executable_path/Frameworks @loader_path/Frameworks";
				PRODUCT_BUNDLE_IDENTIFIER = Catherine.VideoSharingWithDatabaseUITests;
				PRODUCT_NAME = "$(TARGET_NAME)";
				TEST_TARGET_NAME = VideoSharingWithDatabase;
				USES_XCTRUNNER = YES;
			};
			name = Debug;
		};
		4FDFFBC91CB08387007A3794 /* Release */ = {
			isa = XCBuildConfiguration;
			buildSettings = {
				INFOPLIST_FILE = VideoSharingWithDatabaseUITests/Info.plist;
				LD_RUNPATH_SEARCH_PATHS = "$(inherited) @executable_path/Frameworks @loader_path/Frameworks";
				PRODUCT_BUNDLE_IDENTIFIER = Catherine.VideoSharingWithDatabaseUITests;
				PRODUCT_NAME = "$(TARGET_NAME)";
				TEST_TARGET_NAME = VideoSharingWithDatabase;
				USES_XCTRUNNER = YES;
			};
			name = Release;
		};
/* End XCBuildConfiguration section */

/* Begin XCConfigurationList section */
		4FDFFB8C1CB08387007A3794 /* Build configuration list for PBXProject "VideoSharingWithDatabase" */ = {
			isa = XCConfigurationList;
			buildConfigurations = (
				4FDFFBBF1CB08387007A3794 /* Debug */,
				4FDFFBC01CB08387007A3794 /* Release */,
			);
			defaultConfigurationIsVisible = 0;
			defaultConfigurationName = Release;
		};
		4FDFFBC11CB08387007A3794 /* Build configuration list for PBXNativeTarget "VideoSharing" */ = {
			isa = XCConfigurationList;
			buildConfigurations = (
				4FDFFBC21CB08387007A3794 /* Debug */,
				4FDFFBC31CB08387007A3794 /* Release */,
			);
			defaultConfigurationIsVisible = 0;
			defaultConfigurationName = Release;
		};
		4FDFFBC41CB08387007A3794 /* Build configuration list for PBXNativeTarget "VideoSharingWithDatabaseTests" */ = {
			isa = XCConfigurationList;
			buildConfigurations = (
				4FDFFBC51CB08387007A3794 /* Debug */,
				4FDFFBC61CB08387007A3794 /* Release */,
			);
			defaultConfigurationIsVisible = 0;
			defaultConfigurationName = Release;
		};
		4FDFFBC71CB08387007A3794 /* Build configuration list for PBXNativeTarget "VideoSharingWithDatabaseUITests" */ = {
			isa = XCConfigurationList;
			buildConfigurations = (
				4FDFFBC81CB08387007A3794 /* Debug */,
				4FDFFBC91CB08387007A3794 /* Release */,
			);
			defaultConfigurationIsVisible = 0;
			defaultConfigurationName = Release;
		};
/* End XCConfigurationList section */
	};
	rootObject = 4FDFFB891CB08387007A3794 /* Project object */;
}
